
Microsoft Visual Studio Solution File, Format Version 12.00
# Visual Studio Version 17
VisualStudioVersion = 17.7.34202.233
MinimumVisualStudioVersion = 10.0.40219.1
Project("{888888A0-9F3D-457C-B088-3A5042F75D52}") = "camera_epl", "camera_epl.pyproj", "{0EEC586A-0B36-4223-98E4-F5CAF08E931A}"
EndProject
Global
	GlobalSection(SolutionConfigurationPlatforms) = preSolution
		Debug|Any CPU = Debug|Any CPU
		Release|Any CPU = Release|Any CPU
	EndGlobalSection
	GlobalSection(ProjectConfigurationPlatforms) = postSolution
		{0EEC586A-0B36-4223-98E4-F5CAF08E931A}.Debug|Any CPU.ActiveCfg = Debug|Any CPU
		{0EEC586A-0B36-4223-98E4-F5CAF08E931A}.Release|Any CPU.ActiveCfg = Release|Any CPU
	EndGlobalSection
	GlobalSection(SolutionProperties) = preSolution
		HideSolutionNode = FALSE
	EndGlobalSection
	GlobalSection(ExtensibilityGlobals) = postSolution
		SolutionGuid = {F448BEE0-F23A-4E59-A76B-AA6A0B1BDB7E}
	EndGlobalSection
EndGlobal
